{
  "version": "3",
  "remote": {
    "https://deno.land/std@0.210.0/assert/assert.ts": "e265ad50a9341f3b40e51dd4cb41ab253d976943ba78a977106950e52e0302ab",
    "https://deno.land/std@0.210.0/assert/assertion_error.ts": "26ed1863d905005f00785c89750c001c3522c5417e4f58f95044b8143cfc1593",
    "https://deno.land/std@0.210.0/cli/mod.ts": "aa5efceec167fb78c7954227c061d3d249c752c51a6dc1886ee18649d2690a44",
    "https://deno.land/std@0.210.0/cli/parse_args.ts": "9bea02050b3f302e706871ff87ecfa3ad82cc34249adbe0dcddfaac75bdb48ff",
    "https://deno.land/std@0.210.0/cli/prompt_secret.ts": "1fb2a981c1061e130475e326b344397448ec5dd5158b31266fd44fa864165de7",
    "https://deno.land/std@0.210.0/cli/spinner.ts": "d3465997979eaafb533e265e81deb66c1b4074c4417aec75adf2c05c850042df"
  }
}
